// !$*UTF8*$!
{
	archiveVersion = 1;
	classes = {
	};
	objectVersion = 51;
	objects = {

/* Begin PBXBuildFile section */
		7BF20E51FCB32B7707C28411 /* Pods_ExercisesTests.framework in Frameworks */ = {isa = PBXBuildFile; fileRef = 6DC7B878919524B0D10B3E81 /* Pods_ExercisesTests.framework */; };
		A595E8498562814E2B0A01B4 /* Pods_Exercises.framework in Frameworks */ = {isa = PBXBuildFile; fileRef = BD2456203FF1485B3BF7BAE6 /* Pods_Exercises.framework */; };
		CE31D36593B8058562D2E465 /* Pods_Exercises_ExercisesUITests.framework in Frameworks */ = {isa = PBXBuildFile; fileRef = F49E817908886305464F9E7B /* Pods_Exercises_ExercisesUITests.framework */; };
		D17747E62449ECDF005C6BBD /* AppDelegate.swift in Sources */ = {isa = PBXBuildFile; fileRef = D17747E52449ECDF005C6BBD /* AppDelegate.swift */; };
		D17747E82449ECDF005C6BBD /* SceneDelegate.swift in Sources */ = {isa = PBXBuildFile; fileRef = D17747E72449ECDF005C6BBD /* SceneDelegate.swift */; };
		D17747EA2449ECDF005C6BBD /* ExerciseListViewController.swift in Sources */ = {isa = PBXBuildFile; fileRef = D17747E92449ECDF005C6BBD /* ExerciseListViewController.swift */; };
		D17747ED2449ECDF005C6BBD /* Main.storyboard in Resources */ = {isa = PBXBuildFile; fileRef = D17747EB2449ECDF005C6BBD /* Main.storyboard */; };
		D17747EF2449ECE4005C6BBD /* Assets.xcassets in Resources */ = {isa = PBXBuildFile; fileRef = D17747EE2449ECE4005C6BBD /* Assets.xcassets */; };
		D17747F22449ECE4005C6BBD /* LaunchScreen.storyboard in Resources */ = {isa = PBXBuildFile; fileRef = D17747F02449ECE4005C6BBD /* LaunchScreen.storyboard */; };
		D17747FD2449ECE4005C6BBD /* ExercisesTests.swift in Sources */ = {isa = PBXBuildFile; fileRef = D17747FC2449ECE4005C6BBD /* ExercisesTests.swift */; };
		D17748082449ECE4005C6BBD /* ExercisesUITests.swift in Sources */ = {isa = PBXBuildFile; fileRef = D17748072449ECE4005C6BBD /* ExercisesUITests.swift */; };
		D177481D2449FB62005C6BBD /* Item.swift in Sources */ = {isa = PBXBuildFile; fileRef = D177481C2449FB62005C6BBD /* Item.swift */; };
		D177481F2449FC35005C6BBD /* Image.swift in Sources */ = {isa = PBXBuildFile; fileRef = D177481E2449FC35005C6BBD /* Image.swift */; };
		D17748212449FC8C005C6BBD /* Exercise.swift in Sources */ = {isa = PBXBuildFile; fileRef = D17748202449FC8C005C6BBD /* Exercise.swift */; };
		D1774823244A0032005C6BBD /* ModelList.swift in Sources */ = {isa = PBXBuildFile; fileRef = D1774822244A0032005C6BBD /* ModelList.swift */; };
		D1774826244A03B3005C6BBD /* ExerciseApi.swift in Sources */ = {isa = PBXBuildFile; fileRef = D1774825244A03B3005C6BBD /* ExerciseApi.swift */; };
		D1774828244A06EE005C6BBD /* ExerciseNetwork.swift in Sources */ = {isa = PBXBuildFile; fileRef = D1774827244A06EE005C6BBD /* ExerciseNetwork.swift */; };
		D177482A244A11C6005C6BBD /* ExerciseListViewModel.swift in Sources */ = {isa = PBXBuildFile; fileRef = D1774829244A11C6005C6BBD /* ExerciseListViewModel.swift */; };
		D177482D244A2463005C6BBD /* UrlExt.swift in Sources */ = {isa = PBXBuildFile; fileRef = D177482C244A2463005C6BBD /* UrlExt.swift */; };
		D177482F244A248C005C6BBD /* StringExt.swift in Sources */ = {isa = PBXBuildFile; fileRef = D177482E244A248C005C6BBD /* StringExt.swift */; };
		D1774831244A3963005C6BBD /* List.swift in Sources */ = {isa = PBXBuildFile; fileRef = D1774830244A3963005C6BBD /* List.swift */; };
		D1774833244A3C5C005C6BBD /* CustomKey.swift in Sources */ = {isa = PBXBuildFile; fileRef = D1774832244A3C5C005C6BBD /* CustomKey.swift */; };
		D1774835244A3E6F005C6BBD /* ImageCell.swift in Sources */ = {isa = PBXBuildFile; fileRef = D1774834244A3E6F005C6BBD /* ImageCell.swift */; };
		D1F99F58244A5A19003D0398 /* PromiseLoader.swift in Sources */ = {isa = PBXBuildFile; fileRef = D1F99F57244A5A19003D0398 /* PromiseLoader.swift */; };
		D1F99F5A244A5F50003D0398 /* MusclesManager.swift in Sources */ = {isa = PBXBuildFile; fileRef = D1F99F59244A5F50003D0398 /* MusclesManager.swift */; };
		D1F99F5C244A76E2003D0398 /* Filter.swift in Sources */ = {isa = PBXBuildFile; fileRef = D1F99F5B244A76E2003D0398 /* Filter.swift */; };
/* End PBXBuildFile section */

/* Begin PBXContainerItemProxy section */
		D17747F92449ECE4005C6BBD /* PBXContainerItemProxy */ = {
			isa = PBXContainerItemProxy;
			containerPortal = D17747DA2449ECDF005C6BBD /* Project object */;
			proxyType = 1;
			remoteGlobalIDString = D17747E12449ECDF005C6BBD;
			remoteInfo = Exercises;
		};
		D17748042449ECE4005C6BBD /* PBXContainerItemProxy */ = {
			isa = PBXContainerItemProxy;
			containerPortal = D17747DA2449ECDF005C6BBD /* Project object */;
			proxyType = 1;
			remoteGlobalIDString = D17747E12449ECDF005C6BBD;
			remoteInfo = Exercises;
		};
/* End PBXContainerItemProxy section */

/* Begin PBXFileReference section */
		19AE455A5D28B5F7008E737D /* Pods-Exercises-ExercisesUITests.release.xcconfig */ = {isa = PBXFileReference; includeInIndex = 1; lastKnownFileType = text.xcconfig; name = "Pods-Exercises-ExercisesUITests.release.xcconfig"; path = "Target Support Files/Pods-Exercises-ExercisesUITests/Pods-Exercises-ExercisesUITests.release.xcconfig"; sourceTree = "<group>"; };
		236F74C309CBB6F2E60A8A74 /* Pods-Exercises.release.xcconfig */ = {isa = PBXFileReference; includeInIndex = 1; lastKnownFileType = text.xcconfig; name = "Pods-Exercises.release.xcconfig"; path = "Target Support Files/Pods-Exercises/Pods-Exercises.release.xcconfig"; sourceTree = "<group>"; };
		293FFDABAD1365D16929FAEB /* Pods-Exercises.debug.xcconfig */ = {isa = PBXFileReference; includeInIndex = 1; lastKnownFileType = text.xcconfig; name = "Pods-Exercises.debug.xcconfig"; path = "Target Support Files/Pods-Exercises/Pods-Exercises.debug.xcconfig"; sourceTree = "<group>"; };
		6DC7B878919524B0D10B3E81 /* Pods_ExercisesTests.framework */ = {isa = PBXFileReference; explicitFileType = wrapper.framework; includeInIndex = 0; path = Pods_ExercisesTests.framework; sourceTree = BUILT_PRODUCTS_DIR; };
		7DF4F9736D46BF430C5CCD53 /* Pods-Exercises-ExercisesUITests.debug.xcconfig */ = {isa = PBXFileReference; includeInIndex = 1; lastKnownFileType = text.xcconfig; name = "Pods-Exercises-ExercisesUITests.debug.xcconfig"; path = "Target Support Files/Pods-Exercises-ExercisesUITests/Pods-Exercises-ExercisesUITests.debug.xcconfig"; sourceTree = "<group>"; };
		8DE133CFAD8195B033FE09A5 /* Pods-ExercisesTests.release.xcconfig */ = {isa = PBXFileReference; includeInIndex = 1; lastKnownFileType = text.xcconfig; name = "Pods-ExercisesTests.release.xcconfig"; path = "Target Support Files/Pods-ExercisesTests/Pods-ExercisesTests.release.xcconfig"; sourceTree = "<group>"; };
		BD2456203FF1485B3BF7BAE6 /* Pods_Exercises.framework */ = {isa = PBXFileReference; explicitFileType = wrapper.framework; includeInIndex = 0; path = Pods_Exercises.framework; sourceTree = BUILT_PRODUCTS_DIR; };
		D17747E22449ECDF005C6BBD /* Exercises.app */ = {isa = PBXFileReference; explicitFileType = wrapper.application; includeInIndex = 0; path = Exercises.app; sourceTree = BUILT_PRODUCTS_DIR; };
		D17747E52449ECDF005C6BBD /* AppDelegate.swift */ = {isa = PBXFileReference; lastKnownFileType = sourcecode.swift; path = AppDelegate.swift; sourceTree = "<group>"; };
		D17747E72449ECDF005C6BBD /* SceneDelegate.swift */ = {isa = PBXFileReference; lastKnownFileType = sourcecode.swift; path = SceneDelegate.swift; sourceTree = "<group>"; };
		D17747E92449ECDF005C6BBD /* ExerciseListViewController.swift */ = {isa = PBXFileReference; lastKnownFileType = sourcecode.swift; path = ExerciseListViewController.swift; sourceTree = "<group>"; };
		D17747EC2449ECDF005C6BBD /* Base */ = {isa = PBXFileReference; lastKnownFileType = file.storyboard; name = Base; path = Base.lproj/Main.storyboard; sourceTree = "<group>"; };
		D17747EE2449ECE4005C6BBD /* Assets.xcassets */ = {isa = PBXFileReference; lastKnownFileType = folder.assetcatalog; path = Assets.xcassets; sourceTree = "<group>"; };
		D17747F12449ECE4005C6BBD /* Base */ = {isa = PBXFileReference; lastKnownFileType = file.storyboard; name = Base; path = Base.lproj/LaunchScreen.storyboard; sourceTree = "<group>"; };
		D17747F32449ECE4005C6BBD /* Info.plist */ = {isa = PBXFileReference; lastKnownFileType = text.plist.xml; path = Info.plist; sourceTree = "<group>"; };
		D17747F82449ECE4005C6BBD /* ExercisesTests.xctest */ = {isa = PBXFileReference; explicitFileType = wrapper.cfbundle; includeInIndex = 0; path = ExercisesTests.xctest; sourceTree = BUILT_PRODUCTS_DIR; };
		D17747FC2449ECE4005C6BBD /* ExercisesTests.swift */ = {isa = PBXFileReference; lastKnownFileType = sourcecode.swift; path = ExercisesTests.swift; sourceTree = "<group>"; };
		D17747FE2449ECE4005C6BBD /* Info.plist */ = {isa = PBXFileReference; lastKnownFileType = text.plist.xml; path = Info.plist; sourceTree = "<group>"; };
		D17748032449ECE4005C6BBD /* ExercisesUITests.xctest */ = {isa = PBXFileReference; explicitFileType = wrapper.cfbundle; includeInIndex = 0; path = ExercisesUITests.xctest; sourceTree = BUILT_PRODUCTS_DIR; };
		D17748072449ECE4005C6BBD /* ExercisesUITests.swift */ = {isa = PBXFileReference; lastKnownFileType = sourcecode.swift; path = ExercisesUITests.swift; sourceTree = "<group>"; };
		D17748092449ECE4005C6BBD /* Info.plist */ = {isa = PBXFileReference; lastKnownFileType = text.plist.xml; path = Info.plist; sourceTree = "<group>"; };
		D177481C2449FB62005C6BBD /* Item.swift */ = {isa = PBXFileReference; lastKnownFileType = sourcecode.swift; path = Item.swift; sourceTree = "<group>"; };
		D177481E2449FC35005C6BBD /* Image.swift */ = {isa = PBXFileReference; lastKnownFileType = sourcecode.swift; path = Image.swift; sourceTree = "<group>"; };
		D17748202449FC8C005C6BBD /* Exercise.swift */ = {isa = PBXFileReference; lastKnownFileType = sourcecode.swift; path = Exercise.swift; sourceTree = "<group>"; };
		D1774822244A0032005C6BBD /* ModelList.swift */ = {isa = PBXFileReference; lastKnownFileType = sourcecode.swift; path = ModelList.swift; sourceTree = "<group>"; };
		D1774825244A03B3005C6BBD /* ExerciseApi.swift */ = {isa = PBXFileReference; lastKnownFileType = sourcecode.swift; path = ExerciseApi.swift; sourceTree = "<group>"; };
		D1774827244A06EE005C6BBD /* ExerciseNetwork.swift */ = {isa = PBXFileReference; lastKnownFileType = sourcecode.swift; path = ExerciseNetwork.swift; sourceTree = "<group>"; };
		D1774829244A11C6005C6BBD /* ExerciseListViewModel.swift */ = {isa = PBXFileReference; lastKnownFileType = sourcecode.swift; path = ExerciseListViewModel.swift; sourceTree = "<group>"; };
		D177482C244A2463005C6BBD /* UrlExt.swift */ = {isa = PBXFileReference; lastKnownFileType = sourcecode.swift; path = UrlExt.swift; sourceTree = "<group>"; };
		D177482E244A248C005C6BBD /* StringExt.swift */ = {isa = PBXFileReference; lastKnownFileType = sourcecode.swift; path = StringExt.swift; sourceTree = "<group>"; };
		D1774830244A3963005C6BBD /* List.swift */ = {isa = PBXFileReference; lastKnownFileType = sourcecode.swift; path = List.swift; sourceTree = "<group>"; };
		D1774832244A3C5C005C6BBD /* CustomKey.swift */ = {isa = PBXFileReference; lastKnownFileType = sourcecode.swift; path = CustomKey.swift; sourceTree = "<group>"; };
		D1774834244A3E6F005C6BBD /* ImageCell.swift */ = {isa = PBXFileReference; fileEncoding = 4; lastKnownFileType = sourcecode.swift; path = ImageCell.swift; sourceTree = "<group>"; };
		D1F99F57244A5A19003D0398 /* PromiseLoader.swift */ = {isa = PBXFileReference; lastKnownFileType = sourcecode.swift; path = PromiseLoader.swift; sourceTree = "<group>"; };
		D1F99F59244A5F50003D0398 /* MusclesManager.swift */ = {isa = PBXFileReference; lastKnownFileType = sourcecode.swift; path = MusclesManager.swift; sourceTree = "<group>"; };
		D1F99F5B244A76E2003D0398 /* Filter.swift */ = {isa = PBXFileReference; lastKnownFileType = sourcecode.swift; path = Filter.swift; sourceTree = "<group>"; };
		E4728E76DCED7ABC083EBDD9 /* Pods-ExercisesTests.debug.xcconfig */ = {isa = PBXFileReference; includeInIndex = 1; lastKnownFileType = text.xcconfig; name = "Pods-ExercisesTests.debug.xcconfig"; path = "Target Support Files/Pods-ExercisesTests/Pods-ExercisesTests.debug.xcconfig"; sourceTree = "<group>"; };
		F49E817908886305464F9E7B /* Pods_Exercises_ExercisesUITests.framework */ = {isa = PBXFileReference; explicitFileType = wrapper.framework; includeInIndex = 0; path = Pods_Exercises_ExercisesUITests.framework; sourceTree = BUILT_PRODUCTS_DIR; };
/* End PBXFileReference section */

/* Begin PBXFrameworksBuildPhase section */
		D17747DF2449ECDF005C6BBD /* Frameworks */ = {
			isa = PBXFrameworksBuildPhase;
			buildActionMask = 2147483647;
			files = (
				A595E8498562814E2B0A01B4 /* Pods_Exercises.framework in Frameworks */,
			);
			runOnlyForDeploymentPostprocessing = 0;
		};
		D17747F52449ECE4005C6BBD /* Frameworks */ = {
			isa = PBXFrameworksBuildPhase;
			buildActionMask = 2147483647;
			files = (
				7BF20E51FCB32B7707C28411 /* Pods_ExercisesTests.framework in Frameworks */,
			);
			runOnlyForDeploymentPostprocessing = 0;
		};
		D17748002449ECE4005C6BBD /* Frameworks */ = {
			isa = PBXFrameworksBuildPhase;
			buildActionMask = 2147483647;
			files = (
				CE31D36593B8058562D2E465 /* Pods_Exercises_ExercisesUITests.framework in Frameworks */,
			);
			runOnlyForDeploymentPostprocessing = 0;
		};
/* End PBXFrameworksBuildPhase section */

/* Begin PBXGroup section */
		86051CBA9C64DC5ABE717356 /* Pods */ = {
			isa = PBXGroup;
			children = (
				293FFDABAD1365D16929FAEB /* Pods-Exercises.debug.xcconfig */,
				236F74C309CBB6F2E60A8A74 /* Pods-Exercises.release.xcconfig */,
				7DF4F9736D46BF430C5CCD53 /* Pods-Exercises-ExercisesUITests.debug.xcconfig */,
				19AE455A5D28B5F7008E737D /* Pods-Exercises-ExercisesUITests.release.xcconfig */,
				E4728E76DCED7ABC083EBDD9 /* Pods-ExercisesTests.debug.xcconfig */,
				8DE133CFAD8195B033FE09A5 /* Pods-ExercisesTests.release.xcconfig */,
			);
			path = Pods;
			sourceTree = "<group>";
		};
		D17747D92449ECDF005C6BBD = {
			isa = PBXGroup;
			children = (
				D17747E42449ECDF005C6BBD /* Exercises */,
				D17747FB2449ECE4005C6BBD /* ExercisesTests */,
				D17748062449ECE4005C6BBD /* ExercisesUITests */,
				D17747E32449ECDF005C6BBD /* Products */,
				86051CBA9C64DC5ABE717356 /* Pods */,
				E9D36813D00769E5FC7294A1 /* Frameworks */,
			);
			sourceTree = "<group>";
		};
		D17747E32449ECDF005C6BBD /* Products */ = {
			isa = PBXGroup;
			children = (
				D17747E22449ECDF005C6BBD /* Exercises.app */,
				D17747F82449ECE4005C6BBD /* ExercisesTests.xctest */,
				D17748032449ECE4005C6BBD /* ExercisesUITests.xctest */,
			);
			name = Products;
			sourceTree = "<group>";
		};
		D17747E42449ECDF005C6BBD /* Exercises */ = {
			isa = PBXGroup;
			children = (
				D1774834244A3E6F005C6BBD /* ImageCell.swift */,
				D177482B244A2450005C6BBD /* Extension */,
				D1774824244A036F005C6BBD /* Networking */,
				D17748152449F9EB005C6BBD /* Model */,
				D17747E52449ECDF005C6BBD /* AppDelegate.swift */,
				D17747E72449ECDF005C6BBD /* SceneDelegate.swift */,
				D17747E92449ECDF005C6BBD /* ExerciseListViewController.swift */,
				D17747EB2449ECDF005C6BBD /* Main.storyboard */,
				D17747EE2449ECE4005C6BBD /* Assets.xcassets */,
				D17747F02449ECE4005C6BBD /* LaunchScreen.storyboard */,
				D17747F32449ECE4005C6BBD /* Info.plist */,
				D1774829244A11C6005C6BBD /* ExerciseListViewModel.swift */,
			);
			path = Exercises;
			sourceTree = "<group>";
		};
		D17747FB2449ECE4005C6BBD /* ExercisesTests */ = {
			isa = PBXGroup;
			children = (
				D17747FC2449ECE4005C6BBD /* ExercisesTests.swift */,
				D17747FE2449ECE4005C6BBD /* Info.plist */,
			);
			path = ExercisesTests;
			sourceTree = "<group>";
		};
		D17748062449ECE4005C6BBD /* ExercisesUITests */ = {
			isa = PBXGroup;
			children = (
				D17748072449ECE4005C6BBD /* ExercisesUITests.swift */,
				D17748092449ECE4005C6BBD /* Info.plist */,
			);
			path = ExercisesUITests;
			sourceTree = "<group>";
		};
		D17748152449F9EB005C6BBD /* Model */ = {
			isa = PBXGroup;
			children = (
				D177481C2449FB62005C6BBD /* Item.swift */,
				D177481E2449FC35005C6BBD /* Image.swift */,
				D17748202449FC8C005C6BBD /* Exercise.swift */,
				D1774822244A0032005C6BBD /* ModelList.swift */,
				D1774830244A3963005C6BBD /* List.swift */,
				D1774832244A3C5C005C6BBD /* CustomKey.swift */,
				D1F99F5B244A76E2003D0398 /* Filter.swift */,
			);
			path = Model;
			sourceTree = "<group>";
		};
		D1774824244A036F005C6BBD /* Networking */ = {
			isa = PBXGroup;
			children = (
				D1774825244A03B3005C6BBD /* ExerciseApi.swift */,
				D1774827244A06EE005C6BBD /* ExerciseNetwork.swift */,
				D1F99F57244A5A19003D0398 /* PromiseLoader.swift */,
				D1F99F59244A5F50003D0398 /* MusclesManager.swift */,
			);
			path = Networking;
			sourceTree = "<group>";
		};
		D177482B244A2450005C6BBD /* Extension */ = {
			isa = PBXGroup;
			children = (
				D177482C244A2463005C6BBD /* UrlExt.swift */,
				D177482E244A248C005C6BBD /* StringExt.swift */,
			);
			path = Extension;
			sourceTree = "<group>";
		};
		E9D36813D00769E5FC7294A1 /* Frameworks */ = {
			isa = PBXGroup;
			children = (
				BD2456203FF1485B3BF7BAE6 /* Pods_Exercises.framework */,
				F49E817908886305464F9E7B /* Pods_Exercises_ExercisesUITests.framework */,
				6DC7B878919524B0D10B3E81 /* Pods_ExercisesTests.framework */,
			);
			name = Frameworks;
			sourceTree = "<group>";
		};
/* End PBXGroup section */

/* Begin PBXNativeTarget section */
		D17747E12449ECDF005C6BBD /* Exercises */ = {
			isa = PBXNativeTarget;
			buildConfigurationList = D177480C2449ECE4005C6BBD /* Build configuration list for PBXNativeTarget "Exercises" */;
			buildPhases = (
				9482F677C21624BF6FDBF04A /* [CP] Check Pods Manifest.lock */,
				D17747DE2449ECDF005C6BBD /* Sources */,
				D17747DF2449ECDF005C6BBD /* Frameworks */,
				D17747E02449ECDF005C6BBD /* Resources */,
				E97C727F0A86E46555DCFCA8 /* [CP] Embed Pods Frameworks */,
			);
			buildRules = (
			);
			dependencies = (
			);
			name = Exercises;
			productName = Exercises;
			productReference = D17747E22449ECDF005C6BBD /* Exercises.app */;
			productType = "com.apple.product-type.application";
		};
		D17747F72449ECE4005C6BBD /* ExercisesTests */ = {
			isa = PBXNativeTarget;
			buildConfigurationList = D177480F2449ECE4005C6BBD /* Build configuration list for PBXNativeTarget "ExercisesTests" */;
			buildPhases = (
				5EA19713AA48DAF316025134 /* [CP] Check Pods Manifest.lock */,
				D17747F42449ECE4005C6BBD /* Sources */,
				D17747F52449ECE4005C6BBD /* Frameworks */,
				D17747F62449ECE4005C6BBD /* Resources */,
			);
			buildRules = (
			);
			dependencies = (
				D17747FA2449ECE4005C6BBD /* PBXTargetDependency */,
			);
			name = ExercisesTests;
			productName = ExercisesTests;
			productReference = D17747F82449ECE4005C6BBD /* ExercisesTests.xctest */;
			productType = "com.apple.product-type.bundle.unit-test";
		};
		D17748022449ECE4005C6BBD /* ExercisesUITests */ = {
			isa = PBXNativeTarget;
			buildConfigurationList = D17748122449ECE4005C6BBD /* Build configuration list for PBXNativeTarget "ExercisesUITests" */;
			buildPhases = (
				28C5FCDE8539433EDEE3D3C5 /* [CP] Check Pods Manifest.lock */,
				D17747FF2449ECE4005C6BBD /* Sources */,
				D17748002449ECE4005C6BBD /* Frameworks */,
				D17748012449ECE4005C6BBD /* Resources */,
				6E5F26747C12891A99683EB2 /* [CP] Embed Pods Frameworks */,
			);
			buildRules = (
			);
			dependencies = (
				D17748052449ECE4005C6BBD /* PBXTargetDependency */,
			);
			name = ExercisesUITests;
			productName = ExercisesUITests;
			productReference = D17748032449ECE4005C6BBD /* ExercisesUITests.xctest */;
			productType = "com.apple.product-type.bundle.ui-testing";
		};
/* End PBXNativeTarget section */

/* Begin PBXProject section */
		D17747DA2449ECDF005C6BBD /* Project object */ = {
			isa = PBXProject;
			attributes = {
				LastSwiftUpdateCheck = 1140;
				LastUpgradeCheck = 1140;
				ORGANIZATIONNAME = Sronglong;
				TargetAttributes = {
					D17747E12449ECDF005C6BBD = {
						CreatedOnToolsVersion = 11.4;
					};
					D17747F72449ECE4005C6BBD = {
						CreatedOnToolsVersion = 11.4;
						TestTargetID = D17747E12449ECDF005C6BBD;
					};
					D17748022449ECE4005C6BBD = {
						CreatedOnToolsVersion = 11.4;
						TestTargetID = D17747E12449ECDF005C6BBD;
					};
				};
			};
			buildConfigurationList = D17747DD2449ECDF005C6BBD /* Build configuration list for PBXProject "Exercises" */;
			compatibilityVersion = "Xcode 9.3";
			developmentRegion = en;
			hasScannedForEncodings = 0;
			knownRegions = (
				en,
				Base,
			);
			mainGroup = D17747D92449ECDF005C6BBD;
			productRefGroup = D17747E32449ECDF005C6BBD /* Products */;
			projectDirPath = "";
			projectRoot = "";
			targets = (
				D17747E12449ECDF005C6BBD /* Exercises */,
				D17747F72449ECE4005C6BBD /* ExercisesTests */,
				D17748022449ECE4005C6BBD /* ExercisesUITests */,
			);
		};
/* End PBXProject section */

/* Begin PBXResourcesBuildPhase section */
		D17747E02449ECDF005C6BBD /* Resources */ = {
			isa = PBXResourcesBuildPhase;
			buildActionMask = 2147483647;
			files = (
				D17747F22449ECE4005C6BBD /* LaunchScreen.storyboard in Resources */,
				D17747EF2449ECE4005C6BBD /* Assets.xcassets in Resources */,
				D17747ED2449ECDF005C6BBD /* Main.storyboard in Resources */,
			);
			runOnlyForDeploymentPostprocessing = 0;
		};
		D17747F62449ECE4005C6BBD /* Resources */ = {
			isa = PBXResourcesBuildPhase;
			buildActionMask = 2147483647;
			files = (
			);
			runOnlyForDeploymentPostprocessing = 0;
		};
		D17748012449ECE4005C6BBD /* Resources */ = {
			isa = PBXResourcesBuildPhase;
			buildActionMask = 2147483647;
			files = (
			);
			runOnlyForDeploymentPostprocessing = 0;
		};
/* End PBXResourcesBuildPhase section */

/* Begin PBXShellScriptBuildPhase section */
		28C5FCDE8539433EDEE3D3C5 /* [CP] Check Pods Manifest.lock */ = {
			isa = PBXShellScriptBuildPhase;
			buildActionMask = 2147483647;
			files = (
			);
			inputFileListPaths = (
			);
			inputPaths = (
				"${PODS_PODFILE_DIR_PATH}/Podfile.lock",
				"${PODS_ROOT}/Manifest.lock",
			);
			name = "[CP] Check Pods Manifest.lock";
			outputFileListPaths = (
			);
			outputPaths = (
				"$(DERIVED_FILE_DIR)/Pods-Exercises-ExercisesUITests-checkManifestLockResult.txt",
			);
			runOnlyForDeploymentPostprocessing = 0;
			shellPath = /bin/sh;
			shellScript = "diff \"${PODS_PODFILE_DIR_PATH}/Podfile.lock\" \"${PODS_ROOT}/Manifest.lock\" > /dev/null\nif [ $? != 0 ] ; then\n    # print error to STDERR\n    echo \"error: The sandbox is not in sync with the Podfile.lock. Run 'pod install' or update your CocoaPods installation.\" >&2\n    exit 1\nfi\n# This output is used by Xcode 'outputs' to avoid re-running this script phase.\necho \"SUCCESS\" > \"${SCRIPT_OUTPUT_FILE_0}\"\n";
			showEnvVarsInLog = 0;
		};
		5EA19713AA48DAF316025134 /* [CP] Check Pods Manifest.lock */ = {
			isa = PBXShellScriptBuildPhase;
			buildActionMask = 2147483647;
			files = (
			);
			inputFileListPaths = (
			);
			inputPaths = (
				"${PODS_PODFILE_DIR_PATH}/Podfile.lock",
				"${PODS_ROOT}/Manifest.lock",
			);
			name = "[CP] Check Pods Manifest.lock";
			outputFileListPaths = (
			);
			outputPaths = (
				"$(DERIVED_FILE_DIR)/Pods-ExercisesTests-checkManifestLockResult.txt",
			);
			runOnlyForDeploymentPostprocessing = 0;
			shellPath = /bin/sh;
			shellScript = "diff \"${PODS_PODFILE_DIR_PATH}/Podfile.lock\" \"${PODS_ROOT}/Manifest.lock\" > /dev/null\nif [ $? != 0 ] ; then\n    # print error to STDERR\n    echo \"error: The sandbox is not in sync with the Podfile.lock. Run 'pod install' or update your CocoaPods installation.\" >&2\n    exit 1\nfi\n# This output is used by Xcode 'outputs' to avoid re-running this script phase.\necho \"SUCCESS\" > \"${SCRIPT_OUTPUT_FILE_0}\"\n";
			showEnvVarsInLog = 0;
		};
		6E5F26747C12891A99683EB2 /* [CP] Embed Pods Frameworks */ = {
			isa = PBXShellScriptBuildPhase;
			buildActionMask = 2147483647;
			files = (
			);
			inputFileListPaths = (
				"${PODS_ROOT}/Target Support Files/Pods-Exercises-ExercisesUITests/Pods-Exercises-ExercisesUITests-frameworks-${CONFIGURATION}-input-files.xcfilelist",
			);
			name = "[CP] Embed Pods Frameworks";
			outputFileListPaths = (
				"${PODS_ROOT}/Target Support Files/Pods-Exercises-ExercisesUITests/Pods-Exercises-ExercisesUITests-frameworks-${CONFIGURATION}-output-files.xcfilelist",
			);
			runOnlyForDeploymentPostprocessing = 0;
			shellPath = /bin/sh;
			shellScript = "\"${PODS_ROOT}/Target Support Files/Pods-Exercises-ExercisesUITests/Pods-Exercises-ExercisesUITests-frameworks.sh\"\n";
			showEnvVarsInLog = 0;
		};
		9482F677C21624BF6FDBF04A /* [CP] Check Pods Manifest.lock */ = {
			isa = PBXShellScriptBuildPhase;
			buildActionMask = 2147483647;
			files = (
			);
			inputFileListPaths = (
			);
			inputPaths = (
				"${PODS_PODFILE_DIR_PATH}/Podfile.lock",
				"${PODS_ROOT}/Manifest.lock",
			);
			name = "[CP] Check Pods Manifest.lock";
			outputFileListPaths = (
			);
			outputPaths = (
				"$(DERIVED_FILE_DIR)/Pods-Exercises-checkManifestLockResult.txt",
			);
			runOnlyForDeploymentPostprocessing = 0;
			shellPath = /bin/sh;
			shellScript = "diff \"${PODS_PODFILE_DIR_PATH}/Podfile.lock\" \"${PODS_ROOT}/Manifest.lock\" > /dev/null\nif [ $? != 0 ] ; then\n    # print error to STDERR\n    echo \"error: The sandbox is not in sync with the Podfile.lock. Run 'pod install' or update your CocoaPods installation.\" >&2\n    exit 1\nfi\n# This output is used by Xcode 'outputs' to avoid re-running this script phase.\necho \"SUCCESS\" > \"${SCRIPT_OUTPUT_FILE_0}\"\n";
			showEnvVarsInLog = 0;
		};
		E97C727F0A86E46555DCFCA8 /* [CP] Embed Pods Frameworks */ = {
			isa = PBXShellScriptBuildPhase;
			buildActionMask = 2147483647;
			files = (
			);
			inputFileListPaths = (
				"${PODS_ROOT}/Target Support Files/Pods-Exercises/Pods-Exercises-frameworks-${CONFIGURATION}-input-files.xcfilelist",
			);
			name = "[CP] Embed Pods Frameworks";
			outputFileListPaths = (
				"${PODS_ROOT}/Target Support Files/Pods-Exercises/Pods-Exercises-frameworks-${CONFIGURATION}-output-files.xcfilelist",
			);
			runOnlyForDeploymentPostprocessing = 0;
			shellPath = /bin/sh;
			shellScript = "\"${PODS_ROOT}/Target Support Files/Pods-Exercises/Pods-Exercises-frameworks.sh\"\n";
			showEnvVarsInLog = 0;
		};
/* End PBXShellScriptBuildPhase section */

/* Begin PBXSourcesBuildPhase section */
		D17747DE2449ECDF005C6BBD /* Sources */ = {
			isa = PBXSourcesBuildPhase;
			buildActionMask = 2147483647;
			files = (
				D177482A244A11C6005C6BBD /* ExerciseListViewModel.swift in Sources */,
				D17747EA2449ECDF005C6BBD /* ExerciseListViewController.swift in Sources */,
				D1774828244A06EE005C6BBD /* ExerciseNetwork.swift in Sources */,
				D17747E62449ECDF005C6BBD /* AppDelegate.swift in Sources */,
				D1F99F58244A5A19003D0398 /* PromiseLoader.swift in Sources */,
				D1774831244A3963005C6BBD /* List.swift in Sources */,
				D17747E82449ECDF005C6BBD /* SceneDelegate.swift in Sources */,
				D1F99F5C244A76E2003D0398 /* Filter.swift in Sources */,
				D177482D244A2463005C6BBD /* UrlExt.swift in Sources */,
				D1774823244A0032005C6BBD /* ModelList.swift in Sources */,
				D177481D2449FB62005C6BBD /* Item.swift in Sources */,
				D177481F2449FC35005C6BBD /* Image.swift in Sources */,
				D1774826244A03B3005C6BBD /* ExerciseApi.swift in Sources */,
				D1F99F5A244A5F50003D0398 /* MusclesManager.swift in Sources */,
				D177482F244A248C005C6BBD /* StringExt.swift in Sources */,
				D1774833244A3C5C005C6BBD /* CustomKey.swift in Sources */,
				D17748212449FC8C005C6BBD /* Exercise.swift in Sources */,
				D1774835244A3E6F005C6BBD /* ImageCell.swift in Sources */,
			);
			runOnlyForDeploymentPostprocessing = 0;
		};
		D17747F42449ECE4005C6BBD /* Sources */ = {
			isa = PBXSourcesBuildPhase;
			buildActionMask = 2147483647;
			files = (
				D17747FD2449ECE4005C6BBD /* ExercisesTests.swift in Sources */,
			);
			runOnlyForDeploymentPostprocessing = 0;
		};
		D17747FF2449ECE4005C6BBD /* Sources */ = {
			isa = PBXSourcesBuildPhase;
			buildActionMask = 2147483647;
			files = (
				D17748082449ECE4005C6BBD /* ExercisesUITests.swift in Sources */,
			);
			runOnlyForDeploymentPostprocessing = 0;
		};
/* End PBXSourcesBuildPhase section */

/* Begin PBXTargetDependency section */
		D17747FA2449ECE4005C6BBD /* PBXTargetDependency */ = {
			isa = PBXTargetDependency;
			target = D17747E12449ECDF005C6BBD /* Exercises */;
			targetProxy = D17747F92449ECE4005C6BBD /* PBXContainerItemProxy */;
		};
		D17748052449ECE4005C6BBD /* PBXTargetDependency */ = {
			isa = PBXTargetDependency;
			target = D17747E12449ECDF005C6BBD /* Exercises */;
			targetProxy = D17748042449ECE4005C6BBD /* PBXContainerItemProxy */;
		};
/* End PBXTargetDependency section */

/* Begin PBXVariantGroup section */
		D17747EB2449ECDF005C6BBD /* Main.storyboard */ = {
			isa = PBXVariantGroup;
			children = (
				D17747EC2449ECDF005C6BBD /* Base */,
			);
			name = Main.storyboard;
			sourceTree = "<group>";
		};
		D17747F02449ECE4005C6BBD /* LaunchScreen.storyboard */ = {
			isa = PBXVariantGroup;
			children = (
				D17747F12449ECE4005C6BBD /* Base */,
			);
			name = LaunchScreen.storyboard;
			sourceTree = "<group>";
		};
/* End PBXVariantGroup section */

/* Begin XCBuildConfiguration section */
		D177480A2449ECE4005C6BBD /* Debug */ = {
			isa = XCBuildConfiguration;
			buildSettings = {
				ALWAYS_SEARCH_USER_PATHS = NO;
				CLANG_ANALYZER_NONNULL = YES;
				CLANG_ANALYZER_NUMBER_OBJECT_CONVERSION = YES_AGGRESSIVE;
				CLANG_CXX_LANGUAGE_STANDARD = "gnu++14";
				CLANG_CXX_LIBRARY = "libc++";
				CLANG_ENABLE_MODULES = YES;
				CLANG_ENABLE_OBJC_ARC = YES;
				CLANG_ENABLE_OBJC_WEAK = YES;
				CLANG_WARN_BLOCK_CAPTURE_AUTORELEASING = YES;
				CLANG_WARN_BOOL_CONVERSION = YES;
				CLANG_WARN_COMMA = YES;
				CLANG_WARN_CONSTANT_CONVERSION = YES;
				CLANG_WARN_DEPRECATED_OBJC_IMPLEMENTATIONS = YES;
				CLANG_WARN_DIRECT_OBJC_ISA_USAGE = YES_ERROR;
				CLANG_WARN_DOCUMENTATION_COMMENTS = YES;
				CLANG_WARN_EMPTY_BODY = YES;
				CLANG_WARN_ENUM_CONVERSION = YES;
				CLANG_WARN_INFINITE_RECURSION = YES;
				CLANG_WARN_INT_CONVERSION = YES;
				CLANG_WARN_NON_LITERAL_NULL_CONVERSION = YES;
				CLANG_WARN_OBJC_IMPLICIT_RETAIN_SELF = YES;
				CLANG_WARN_OBJC_LITERAL_CONVERSION = YES;
				CLANG_WARN_OBJC_ROOT_CLASS = YES_ERROR;
				CLANG_WARN_RANGE_LOOP_ANALYSIS = YES;
				CLANG_WARN_STRICT_PROTOTYPES = YES;
				CLANG_WARN_SUSPICIOUS_MOVE = YES;
				CLANG_WARN_UNGUARDED_AVAILABILITY = YES_AGGRESSIVE;
				CLANG_WARN_UNREACHABLE_CODE = YES;
				CLANG_WARN__DUPLICATE_METHOD_MATCH = YES;
				COPY_PHASE_STRIP = NO;
				DEBUG_INFORMATION_FORMAT = dwarf;
				ENABLE_STRICT_OBJC_MSGSEND = YES;
				ENABLE_TESTABILITY = YES;
				GCC_C_LANGUAGE_STANDARD = gnu11;
				GCC_DYNAMIC_NO_PIC = NO;
				GCC_NO_COMMON_BLOCKS = YES;
				GCC_OPTIMIZATION_LEVEL = 0;
				GCC_PREPROCESSOR_DEFINITIONS = (
					"DEBUG=1",
					"$(inherited)",
				);
				GCC_WARN_64_TO_32_BIT_CONVERSION = YES;
				GCC_WARN_ABOUT_RETURN_TYPE = YES_ERROR;
				GCC_WARN_UNDECLARED_SELECTOR = YES;
				GCC_WARN_UNINITIALIZED_AUTOS = YES_AGGRESSIVE;
				GCC_WARN_UNUSED_FUNCTION = YES;
				GCC_WARN_UNUSED_VARIABLE = YES;
				IPHONEOS_DEPLOYMENT_TARGET = 13.4;
				MTL_ENABLE_DEBUG_INFO = INCLUDE_SOURCE;
				MTL_FAST_MATH = YES;
				ONLY_ACTIVE_ARCH = YES;
				SDKROOT = iphoneos;
				SWIFT_ACTIVE_COMPILATION_CONDITIONS = DEBUG;
				SWIFT_OPTIMIZATION_LEVEL = "-Onone";
			};
			name = Debug;
		};
		D177480B2449ECE4005C6BBD /* Release */ = {
			isa = XCBuildConfiguration;
			buildSettings = {
				ALWAYS_SEARCH_USER_PATHS = NO;
				CLANG_ANALYZER_NONNULL = YES;
				CLANG_ANALYZER_NUMBER_OBJECT_CONVERSION = YES_AGGRESSIVE;
				CLANG_CXX_LANGUAGE_STANDARD = "gnu++14";
				CLANG_CXX_LIBRARY = "libc++";
				CLANG_ENABLE_MODULES = YES;
				CLANG_ENABLE_OBJC_ARC = YES;
				CLANG_ENABLE_OBJC_WEAK = YES;
				CLANG_WARN_BLOCK_CAPTURE_AUTORELEASING = YES;
				CLANG_WARN_BOOL_CONVERSION = YES;
				CLANG_WARN_COMMA = YES;
				CLANG_WARN_CONSTANT_CONVERSION = YES;
				CLANG_WARN_DEPRECATED_OBJC_IMPLEMENTATIONS = YES;
				CLANG_WARN_DIRECT_OBJC_ISA_USAGE = YES_ERROR;
				CLANG_WARN_DOCUMENTATION_COMMENTS = YES;
				CLANG_WARN_EMPTY_BODY = YES;
				CLANG_WARN_ENUM_CONVERSION = YES;
				CLANG_WARN_INFINITE_RECURSION = YES;
				CLANG_WARN_INT_CONVERSION = YES;
				CLANG_WARN_NON_LITERAL_NULL_CONVERSION = YES;
				CLANG_WARN_OBJC_IMPLICIT_RETAIN_SELF = YES;
				CLANG_WARN_OBJC_LITERAL_CONVERSION = YES;
				CLANG_WARN_OBJC_ROOT_CLASS = YES_ERROR;
				CLANG_WARN_RANGE_LOOP_ANALYSIS = YES;
				CLANG_WARN_STRICT_PROTOTYPES = YES;
				CLANG_WARN_SUSPICIOUS_MOVE = YES;
				CLANG_WARN_UNGUARDED_AVAILABILITY = YES_AGGRESSIVE;
				CLANG_WARN_UNREACHABLE_CODE = YES;
				CLANG_WARN__DUPLICATE_METHOD_MATCH = YES;
				COPY_PHASE_STRIP = NO;
				DEBUG_INFORMATION_FORMAT = "dwarf-with-dsym";
				ENABLE_NS_ASSERTIONS = NO;
				ENABLE_STRICT_OBJC_MSGSEND = YES;
				GCC_C_LANGUAGE_STANDARD = gnu11;
				GCC_NO_COMMON_BLOCKS = YES;
				GCC_WARN_64_TO_32_BIT_CONVERSION = YES;
				GCC_WARN_ABOUT_RETURN_TYPE = YES_ERROR;
				GCC_WARN_UNDECLARED_SELECTOR = YES;
				GCC_WARN_UNINITIALIZED_AUTOS = YES_AGGRESSIVE;
				GCC_WARN_UNUSED_FUNCTION = YES;
				GCC_WARN_UNUSED_VARIABLE = YES;
				IPHONEOS_DEPLOYMENT_TARGET = 13.4;
				MTL_ENABLE_DEBUG_INFO = NO;
				MTL_FAST_MATH = YES;
				SDKROOT = iphoneos;
				SWIFT_COMPILATION_MODE = wholemodule;
				SWIFT_OPTIMIZATION_LEVEL = "-O";
				VALIDATE_PRODUCT = YES;
			};
			name = Release;
		};
		D177480D2449ECE4005C6BBD /* Debug */ = {
			isa = XCBuildConfiguration;
			baseConfigurationReference = 293FFDABAD1365D16929FAEB /* Pods-Exercises.debug.xcconfig */;
			buildSettings = {
				ASSETCATALOG_COMPILER_APPICON_NAME = AppIcon;
				CODE_SIGN_STYLE = Automatic;
				DEVELOPMENT_TEAM = 6VH8R5WZUX;
				INFOPLIST_FILE = Exercises/Info.plist;
				LD_RUNPATH_SEARCH_PATHS = (
					"$(inherited)",
					"@executable_path/Frameworks",
				);
				PRODUCT_BUNDLE_IDENTIFIER = xzy.sronglong.Exercises;
				PRODUCT_NAME = "$(TARGET_NAME)";
				SWIFT_VERSION = 5.0;
				TARGETED_DEVICE_FAMILY = "1,2";
			};
			name = Debug;
		};
		D177480E2449ECE4005C6BBD /* Release */ = {
			isa = XCBuildConfiguration;
			baseConfigurationReference = 236F74C309CBB6F2E60A8A74 /* Pods-Exercises.release.xcconfig */;
			buildSettings = {
				ASSETCATALOG_COMPILER_APPICON_NAME = AppIcon;
				CODE_SIGN_STYLE = Automatic;
				DEVELOPMENT_TEAM = 6VH8R5WZUX;
				INFOPLIST_FILE = Exercises/Info.plist;
				LD_RUNPATH_SEARCH_PATHS = (
					"$(inherited)",
					"@executable_path/Frameworks",
				);
				PRODUCT_BUNDLE_IDENTIFIER = xzy.sronglong.Exercises;
				PRODUCT_NAME = "$(TARGET_NAME)";
				SWIFT_VERSION = 5.0;
				TARGETED_DEVICE_FAMILY = "1,2";
			};
			name = Release;
		};
		D17748102449ECE4005C6BBD /* Debug */ = {
			isa = XCBuildConfiguration;
			baseConfigurationReference = E4728E76DCED7ABC083EBDD9 /* Pods-ExercisesTests.debug.xcconfig */;
			buildSettings = {
				ALWAYS_EMBED_SWIFT_STANDARD_LIBRARIES = YES;
				BUNDLE_LOADER = "$(TEST_HOST)";
				CODE_SIGN_STYLE = Automatic;
				DEVELOPMENT_TEAM = 6VH8R5WZUX;
				INFOPLIST_FILE = ExercisesTests/Info.plist;
				IPHONEOS_DEPLOYMENT_TARGET = 13.4;
				LD_RUNPATH_SEARCH_PATHS = (
					"$(inherited)",
					"@executable_path/Frameworks",
					"@loader_path/Frameworks",
				);
				PRODUCT_BUNDLE_IDENTIFIER = xzy.sronglong.ExercisesTests;
				PRODUCT_NAME = "$(TARGET_NAME)";
				SWIFT_VERSION = 5.0;
				TARGETED_DEVICE_FAMILY = "1,2";
				TEST_HOST = "$(BUILT_PRODUCTS_DIR)/Exercises.app/Exercises";
			};
			name = Debug;
		};
		D17748112449ECE4005C6BBD /* Release */ = {
			isa = XCBuildConfiguration;
			baseConfigurationReference = 8DE133CFAD8195B033FE09A5 /* Pods-ExercisesTests.release.xcconfig */;
			buildSettings = {
				ALWAYS_EMBED_SWIFT_STANDARD_LIBRARIES = YES;
				BUNDLE_LOADER = "$(TEST_HOST)";
				CODE_SIGN_STYLE = Automatic;
				DEVELOPMENT_TEAM = 6VH8R5WZUX;
				INFOPLIST_FILE = ExercisesTests/Info.plist;
				IPHONEOS_DEPLOYMENT_TARGET = 13.4;
				LD_RUNPATH_SEARCH_PATHS = (
					"$(inherited)",
					"@executable_path/Frameworks",
					"@loader_path/Frameworks",
				);
				PRODUCT_BUNDLE_IDENTIFIER = xzy.sronglong.ExercisesTests;
				PRODUCT_NAME = "$(TARGET_NAME)";
				SWIFT_VERSION = 5.0;
				TARGETED_DEVICE_FAMILY = "1,2";
				TEST_HOST = "$(BUILT_PRODUCTS_DIR)/Exercises.app/Exercises";
			};
			name = Release;
		};
		D17748132449ECE4005C6BBD /* Debug */ = {
			isa = XCBuildConfiguration;
			baseConfigurationReference = 7DF4F9736D46BF430C5CCD53 /* Pods-Exercises-ExercisesUITests.debug.xcconfig */;
			buildSettings = {
				ALWAYS_EMBED_SWIFT_STANDARD_LIBRARIES = YES;
				CODE_SIGN_STYLE = Automatic;
				DEVELOPMENT_TEAM = 6VH8R5WZUX;
				INFOPLIST_FILE = ExercisesUITests/Info.plist;
				LD_RUNPATH_SEARCH_PATHS = (
					"$(inherited)",
					"@executable_path/Frameworks",
					"@loader_path/Frameworks",
				);
				PRODUCT_BUNDLE_IDENTIFIER = xzy.sronglong.ExercisesUITests;
				PRODUCT_NAME = "$(TARGET_NAME)";
				SWIFT_VERSION = 5.0;
				TARGETED_DEVICE_FAMILY = "1,2";
				TEST_TARGET_NAME = Exercises;
			};
			name = Debug;
		};
		D17748142449ECE4005C6BBD /* Release */ = {
			isa = XCBuildConfiguration;
			baseConfigurationReference = 19AE455A5D28B5F7008E737D /* Pods-Exercises-ExercisesUITests.release.xcconfig */;
			buildSettings = {
				ALWAYS_EMBED_SWIFT_STANDARD_LIBRARIES = YES;
				CODE_SIGN_STYLE = Automatic;
				DEVELOPMENT_TEAM = 6VH8R5WZUX;
				INFOPLIST_FILE = ExercisesUITests/Info.plist;
				LD_RUNPATH_SEARCH_PATHS = (
					"$(inherited)",
					"@executable_path/Frameworks",
					"@loader_path/Frameworks",
				);
				PRODUCT_BUNDLE_IDENTIFIER = xzy.sronglong.ExercisesUITests;
				PRODUCT_NAME = "$(TARGET_NAME)";
				SWIFT_VERSION = 5.0;
				TARGETED_DEVICE_FAMILY = "1,2";
				TEST_TARGET_NAME = Exercises;
			};
			name = Release;
		};
/* End XCBuildConfiguration section */

/* Begin XCConfigurationList section */
		D17747DD2449ECDF005C6BBD /* Build configuration list for PBXProject "Exercises" */ = {
			isa = XCConfigurationList;
			buildConfigurations = (
				D177480A2449ECE4005C6BBD /* Debug */,
				D177480B2449ECE4005C6BBD /* Release */,
			);
			defaultConfigurationIsVisible = 0;
			defaultConfigurationName = Release;
		};
		D177480C2449ECE4005C6BBD /* Build configuration list for PBXNativeTarget "Exercises" */ = {
			isa = XCConfigurationList;
			buildConfigurations = (
				D177480D2449ECE4005C6BBD /* Debug */,
				D177480E2449ECE4005C6BBD /* Release */,
			);
			defaultConfigurationIsVisible = 0;
			defaultConfigurationName = Release;
		};
		D177480F2449ECE4005C6BBD /* Build configuration list for PBXNativeTarget "ExercisesTests" */ = {
			isa = XCConfigurationList;
			buildConfigurations = (
				D17748102449ECE4005C6BBD /* Debug */,
				D17748112449ECE4005C6BBD /* Release */,
			);
			defaultConfigurationIsVisible = 0;
			defaultConfigurationName = Release;
		};
		D17748122449ECE4005C6BBD /* Build configuration list for PBXNativeTarget "ExercisesUITests" */ = {
			isa = XCConfigurationList;
			buildConfigurations = (
				D17748132449ECE4005C6BBD /* Debug */,
				D17748142449ECE4005C6BBD /* Release */,
			);
			defaultConfigurationIsVisible = 0;
			defaultConfigurationName = Release;
		};
/* End XCConfigurationList section */
	};
	rootObject = D17747DA2449ECDF005C6BBD /* Project object */;
}
